
Microsoft Visual Studio Solution File, Format Version 12.00
# Visual Studio Version 17
VisualStudioVersion = 17.3.32811.315
MinimumVisualStudioVersion = 10.0.40219.1
Project("{FAE04EC0-301F-11D3-BF4B-00C04F79EFBC}") = "Lab5.Android", "Lab5\Lab5.Android\Lab5.Android.csproj", "{838C4FE0-A64C-43BD-A71C-62D390F1ADF2}"
EndProject
Project("{FAE04EC0-301F-11D3-BF4B-00C04F79EFBC}") = "Lab5.iOS", "Lab5\Lab5.iOS\Lab5.iOS.csproj", "{53A6229A-4387-4701-BCF8-3D58C7AFDE68}"
EndProject
Project("{FAE04EC0-301F-11D3-BF4B-00C04F79EFBC}") = "Lab5", "Lab5\Lab5\Lab5.csproj", "{1A28BEF6-0AF0-4090-887F-DA1EA63030F8}"
EndProject
Global
	GlobalSection(SolutionConfigurationPlatforms) = preSolution
		Debug|Any CPU = Debug|Any CPU
		Debug|iPhone = Debug|iPhone
		Debug|iPhoneSimulator = Debug|iPhoneSimulator
		Release|Any CPU = Release|Any CPU
		Release|iPhone = Release|iPhone
		Release|iPhoneSimulator = Release|iPhoneSimulator
	EndGlobalSection
	GlobalSection(ProjectConfigurationPlatforms) = postSolution
		{838C4FE0-A64C-43BD-A71C-62D390F1ADF2}.Debug|Any CPU.ActiveCfg = Debug|Any CPU
		{838C4FE0-A64C-43BD-A71C-62D390F1ADF2}.Debug|Any CPU.Build.0 = Debug|Any CPU
		{838C4FE0-A64C-43BD-A71C-62D390F1ADF2}.Debug|Any CPU.Deploy.0 = Debug|Any CPU
		{838C4FE0-A64C-43BD-A71C-62D390F1ADF2}.Debug|iPhone.ActiveCfg = Debug|Any CPU
		{838C4FE0-A64C-43BD-A71C-62D390F1ADF2}.Debug|iPhone.Build.0 = Debug|Any CPU
		{838C4FE0-A64C-43BD-A71C-62D390F1ADF2}.Debug|iPhone.Deploy.0 = Debug|Any CPU
		{838C4FE0-A64C-43BD-A71C-62D390F1ADF2}.Debug|iPhoneSimulator.ActiveCfg = Debug|Any CPU
		{838C4FE0-A64C-43BD-A71C-62D390F1ADF2}.Debug|iPhoneSimulator.Build.0 = Debug|Any CPU
		{838C4FE0-A64C-43BD-A71C-62D390F1ADF2}.Debug|iPhoneSimulator.Deploy.0 = Debug|Any CPU
		{838C4FE0-A64C-43BD-A71C-62D390F1ADF2}.Release|Any CPU.ActiveCfg = Release|Any CPU
		{838C4FE0-A64C-43BD-A71C-62D390F1ADF2}.Release|Any CPU.Build.0 = Release|Any CPU
		{838C4FE0-A64C-43BD-A71C-62D390F1ADF2}.Release|Any CPU.Deploy.0 = Release|Any CPU
		{838C4FE0-A64C-43BD-A71C-62D390F1ADF2}.Release|iPhone.ActiveCfg = Release|Any CPU
		{838C4FE0-A64C-43BD-A71C-62D390F1ADF2}.Release|iPhone.Build.0 = Release|Any CPU
		{838C4FE0-A64C-43BD-A71C-62D390F1ADF2}.Release|iPhone.Deploy.0 = Release|Any CPU
		{838C4FE0-A64C-43BD-A71C-62D390F1ADF2}.Release|iPhoneSimulator.ActiveCfg = Release|Any CPU
		{838C4FE0-A64C-43BD-A71C-62D390F1ADF2}.Release|iPhoneSimulator.Build.0 = Release|Any CPU
		{838C4FE0-A64C-43BD-A71C-62D390F1ADF2}.Release|iPhoneSimulator.Deploy.0 = Release|Any CPU
		{53A6229A-4387-4701-BCF8-3D58C7AFDE68}.Debug|Any CPU.ActiveCfg = Debug|iPhone
		{53A6229A-4387-4701-BCF8-3D58C7AFDE68}.Debug|Any CPU.Build.0 = Debug|iPhone
		{53A6229A-4387-4701-BCF8-3D58C7AFDE68}.Debug|Any CPU.Deploy.0 = Debug|iPhone
		{53A6229A-4387-4701-BCF8-3D58C7AFDE68}.Debug|iPhone.ActiveCfg = Debug|iPhone
		{53A6229A-4387-4701-BCF8-3D58C7AFDE68}.Debug|iPhone.Build.0 = Debug|iPhone
		{53A6229A-4387-4701-BCF8-3D58C7AFDE68}.Debug|iPhone.Deploy.0 = Debug|iPhone
		{53A6229A-4387-4701-BCF8-3D58C7AFDE68}.Debug|iPhoneSimulator.ActiveCfg = Debug|iPhoneSimulator
		{53A6229A-4387-4701-BCF8-3D58C7AFDE68}.Debug|iPhoneSimulator.Build.0 = Debug|iPhoneSimulator
		{53A6229A-4387-4701-BCF8-3D58C7AFDE68}.Debug|iPhoneSimulator.Deploy.0 = Debug|iPhoneSimulator
		{53A6229A-4387-4701-BCF8-3D58C7AFDE68}.Release|Any CPU.ActiveCfg = Release|iPhoneSimulator
		{53A6229A-4387-4701-BCF8-3D58C7AFDE68}.Release|Any CPU.Build.0 = Release|iPhoneSimulator
		{53A6229A-4387-4701-BCF8-3D58C7AFDE68}.Release|Any CPU.Deploy.0 = Release|iPhoneSimulator
		{53A6229A-4387-4701-BCF8-3D58C7AFDE68}.Release|iPhone.ActiveCfg = Release|iPhone
		{53A6229A-4387-4701-BCF8-3D58C7AFDE68}.Release|iPhone.Build.0 = Release|iPhone
		{53A6229A-4387-4701-BCF8-3D58C7AFDE68}.Release|iPhone.Deploy.0 = Release|iPhone
		{53A6229A-4387-4701-BCF8-3D58C7AFDE68}.Release|iPhoneSimulator.ActiveCfg = Release|iPhoneSimulator
		{53A6229A-4387-4701-BCF8-3D58C7AFDE68}.Release|iPhoneSimulator.Build.0 = Release|iPhoneSimulator
		{53A6229A-4387-4701-BCF8-3D58C7AFDE68}.Release|iPhoneSimulator.Deploy.0 = Release|iPhoneSimulator
		{1A28BEF6-0AF0-4090-887F-DA1EA63030F8}.Debug|Any CPU.ActiveCfg = Debug|Any CPU
		{1A28BEF6-0AF0-4090-887F-DA1EA63030F8}.Debug|Any CPU.Build.0 = Debug|Any CPU
		{1A28BEF6-0AF0-4090-887F-DA1EA63030F8}.Debug|Any CPU.Deploy.0 = Debug|Any CPU
		{1A28BEF6-0AF0-4090-887F-DA1EA63030F8}.Debug|iPhone.ActiveCfg = Debug|Any CPU
		{1A28BEF6-0AF0-4090-887F-DA1EA63030F8}.Debug|iPhone.Build.0 = Debug|Any CPU
		{1A28BEF6-0AF0-4090-887F-DA1EA63030F8}.Debug|iPhone.Deploy.0 = Debug|Any CPU
		{1A28BEF6-0AF0-4090-887F-DA1EA63030F8}.Debug|iPhoneSimulator.ActiveCfg = Debug|Any CPU
		{1A28BEF6-0AF0-4090-887F-DA1EA63030F8}.Debug|iPhoneSimulator.Build.0 = Debug|Any CPU
		{1A28BEF6-0AF0-4090-887F-DA1EA63030F8}.Debug|iPhoneSimulator.Deploy.0 = Debug|Any CPU
		{1A28BEF6-0AF0-4090-887F-DA1EA63030F8}.Release|Any CPU.ActiveCfg = Release|Any CPU
		{1A28BEF6-0AF0-4090-887F-DA1EA63030F8}.Release|Any CPU.Build.0 = Release|Any CPU
		{1A28BEF6-0AF0-4090-887F-DA1EA63030F8}.Release|Any CPU.Deploy.0 = Release|Any CPU
		{1A28BEF6-0AF0-4090-887F-DA1EA63030F8}.Release|iPhone.ActiveCfg = Release|Any CPU
		{1A28BEF6-0AF0-4090-887F-DA1EA63030F8}.Release|iPhone.Build.0 = Release|Any CPU
		{1A28BEF6-0AF0-4090-887F-DA1EA63030F8}.Release|iPhone.Deploy.0 = Release|Any CPU
		{1A28BEF6-0AF0-4090-887F-DA1EA63030F8}.Release|iPhoneSimulator.ActiveCfg = Release|Any CPU
		{1A28BEF6-0AF0-4090-887F-DA1EA63030F8}.Release|iPhoneSimulator.Build.0 = Release|Any CPU
		{1A28BEF6-0AF0-4090-887F-DA1EA63030F8}.Release|iPhoneSimulator.Deploy.0 = Release|Any CPU
	EndGlobalSection
	GlobalSection(SolutionProperties) = preSolution
		HideSolutionNode = FALSE
	EndGlobalSection
	GlobalSection(ExtensibilityGlobals) = postSolution
		SolutionGuid = {A4486F93-6CAF-4408-83A5-4DA4915441C2}
	EndGlobalSection
EndGlobal
